
Microsoft Visual Studio Solution File, Format Version 12.00
# Visual Studio 15
VisualStudioVersion = 15.0.27703.2035
MinimumVisualStudioVersion = 10.0.40219.1
Project("{FAE04EC0-301F-11D3-BF4B-00C04F79EFBC}") = "XF.Hello.Android", "XF.Hello\XF.Hello.Android\XF.Hello.Android.csproj", "{DC29E10F-1D59-4744-94F3-0A5ED7BDC7FC}"
EndProject
Project("{FAE04EC0-301F-11D3-BF4B-00C04F79EFBC}") = "XF.Hello.iOS", "XF.Hello\XF.Hello.iOS\XF.Hello.iOS.csproj", "{C5D10FD4-347B-46D5-858B-56F3F49F65EF}"
EndProject
Project("{FAE04EC0-301F-11D3-BF4B-00C04F79EFBC}") = "XF.Hello", "XF.Hello\XF.Hello\XF.Hello.csproj", "{52C0AF0A-1236-47BC-987E-4C1A7518A707}"
EndProject
Global
	GlobalSection(SolutionConfigurationPlatforms) = preSolution
		Ad-Hoc|Any CPU = Ad-Hoc|Any CPU
		Ad-Hoc|iPhone = Ad-Hoc|iPhone
		Ad-Hoc|iPhoneSimulator = Ad-Hoc|iPhoneSimulator
		AppStore|Any CPU = AppStore|Any CPU
		AppStore|iPhone = AppStore|iPhone
		AppStore|iPhoneSimulator = AppStore|iPhoneSimulator
		Debug|Any CPU = Debug|Any CPU
		Debug|iPhone = Debug|iPhone
		Debug|iPhoneSimulator = Debug|iPhoneSimulator
		Release|Any CPU = Release|Any CPU
		Release|iPhone = Release|iPhone
		Release|iPhoneSimulator = Release|iPhoneSimulator
	EndGlobalSection
	GlobalSection(ProjectConfigurationPlatforms) = postSolution
		{DC29E10F-1D59-4744-94F3-0A5ED7BDC7FC}.Ad-Hoc|Any CPU.ActiveCfg = Release|Any CPU
		{DC29E10F-1D59-4744-94F3-0A5ED7BDC7FC}.Ad-Hoc|Any CPU.Build.0 = Release|Any CPU
		{DC29E10F-1D59-4744-94F3-0A5ED7BDC7FC}.Ad-Hoc|Any CPU.Deploy.0 = Release|Any CPU
		{DC29E10F-1D59-4744-94F3-0A5ED7BDC7FC}.Ad-Hoc|iPhone.ActiveCfg = Release|Any CPU
		{DC29E10F-1D59-4744-94F3-0A5ED7BDC7FC}.Ad-Hoc|iPhone.Build.0 = Release|Any CPU
		{DC29E10F-1D59-4744-94F3-0A5ED7BDC7FC}.Ad-Hoc|iPhone.Deploy.0 = Release|Any CPU
		{DC29E10F-1D59-4744-94F3-0A5ED7BDC7FC}.Ad-Hoc|iPhoneSimulator.ActiveCfg = Release|Any CPU
		{DC29E10F-1D59-4744-94F3-0A5ED7BDC7FC}.Ad-Hoc|iPhoneSimulator.Build.0 = Release|Any CPU
		{DC29E10F-1D59-4744-94F3-0A5ED7BDC7FC}.Ad-Hoc|iPhoneSimulator.Deploy.0 = Release|Any CPU
		{DC29E10F-1D59-4744-94F3-0A5ED7BDC7FC}.AppStore|Any CPU.ActiveCfg = Release|Any CPU
		{DC29E10F-1D59-4744-94F3-0A5ED7BDC7FC}.AppStore|Any CPU.Build.0 = Release|Any CPU
		{DC29E10F-1D59-4744-94F3-0A5ED7BDC7FC}.AppStore|Any CPU.Deploy.0 = Release|Any CPU
		{DC29E10F-1D59-4744-94F3-0A5ED7BDC7FC}.AppStore|iPhone.ActiveCfg = Release|Any CPU
		{DC29E10F-1D59-4744-94F3-0A5ED7BDC7FC}.AppStore|iPhone.Build.0 = Release|Any CPU
		{DC29E10F-1D59-4744-94F3-0A5ED7BDC7FC}.AppStore|iPhone.Deploy.0 = Release|Any CPU
		{DC29E10F-1D59-4744-94F3-0A5ED7BDC7FC}.AppStore|iPhoneSimulator.ActiveCfg = Release|Any CPU
		{DC29E10F-1D59-4744-94F3-0A5ED7BDC7FC}.AppStore|iPhoneSimulator.Build.0 = Release|Any CPU
		{DC29E10F-1D59-4744-94F3-0A5ED7BDC7FC}.AppStore|iPhoneSimulator.Deploy.0 = Release|Any CPU
		{DC29E10F-1D59-4744-94F3-0A5ED7BDC7FC}.Debug|Any CPU.ActiveCfg = Debug|Any CPU
		{DC29E10F-1D59-4744-94F3-0A5ED7BDC7FC}.Debug|Any CPU.Build.0 = Debug|Any CPU
		{DC29E10F-1D59-4744-94F3-0A5ED7BDC7FC}.Debug|Any CPU.Deploy.0 = Debug|Any CPU
		{DC29E10F-1D59-4744-94F3-0A5ED7BDC7FC}.Debug|iPhone.ActiveCfg = Debug|Any CPU
		{DC29E10F-1D59-4744-94F3-0A5ED7BDC7FC}.Debug|iPhone.Build.0 = Debug|Any CPU
		{DC29E10F-1D59-4744-94F3-0A5ED7BDC7FC}.Debug|iPhone.Deploy.0 = Debug|Any CPU
		{DC29E10F-1D59-4744-94F3-0A5ED7BDC7FC}.Debug|iPhoneSimulator.ActiveCfg = Debug|Any CPU
		{DC29E10F-1D59-4744-94F3-0A5ED7BDC7FC}.Debug|iPhoneSimulator.Build.0 = Debug|Any CPU
		{DC29E10F-1D59-4744-94F3-0A5ED7BDC7FC}.Debug|iPhoneSimulator.Deploy.0 = Debug|Any CPU
		{DC29E10F-1D59-4744-94F3-0A5ED7BDC7FC}.Release|Any CPU.ActiveCfg = Release|Any CPU
		{DC29E10F-1D59-4744-94F3-0A5ED7BDC7FC}.Release|Any CPU.Build.0 = Release|Any CPU
		{DC29E10F-1D59-4744-94F3-0A5ED7BDC7FC}.Release|Any CPU.Deploy.0 = Release|Any CPU
		{DC29E10F-1D59-4744-94F3-0A5ED7BDC7FC}.Release|iPhone.ActiveCfg = Release|Any CPU
		{DC29E10F-1D59-4744-94F3-0A5ED7BDC7FC}.Release|iPhone.Build.0 = Release|Any CPU
		{DC29E10F-1D59-4744-94F3-0A5ED7BDC7FC}.Release|iPhone.Deploy.0 = Release|Any CPU
		{DC29E10F-1D59-4744-94F3-0A5ED7BDC7FC}.Release|iPhoneSimulator.ActiveCfg = Release|Any CPU
		{DC29E10F-1D59-4744-94F3-0A5ED7BDC7FC}.Release|iPhoneSimulator.Build.0 = Release|Any CPU
		{DC29E10F-1D59-4744-94F3-0A5ED7BDC7FC}.Release|iPhoneSimulator.Deploy.0 = Release|Any CPU
		{C5D10FD4-347B-46D5-858B-56F3F49F65EF}.Ad-Hoc|Any CPU.ActiveCfg = Ad-Hoc|iPhone
		{C5D10FD4-347B-46D5-858B-56F3F49F65EF}.Ad-Hoc|Any CPU.Build.0 = Ad-Hoc|iPhone
		{C5D10FD4-347B-46D5-858B-56F3F49F65EF}.Ad-Hoc|Any CPU.Deploy.0 = Ad-Hoc|iPhone
		{C5D10FD4-347B-46D5-858B-56F3F49F65EF}.Ad-Hoc|iPhone.ActiveCfg = Ad-Hoc|iPhone
		{C5D10FD4-347B-46D5-858B-56F3F49F65EF}.Ad-Hoc|iPhone.Build.0 = Ad-Hoc|iPhone
		{C5D10FD4-347B-46D5-858B-56F3F49F65EF}.Ad-Hoc|iPhone.Deploy.0 = Ad-Hoc|iPhone
		{C5D10FD4-347B-46D5-858B-56F3F49F65EF}.Ad-Hoc|iPhoneSimulator.ActiveCfg = Ad-Hoc|iPhoneSimulator
		{C5D10FD4-347B-46D5-858B-56F3F49F65EF}.Ad-Hoc|iPhoneSimulator.Build.0 = Ad-Hoc|iPhoneSimulator
		{C5D10FD4-347B-46D5-858B-56F3F49F65EF}.Ad-Hoc|iPhoneSimulator.Deploy.0 = Ad-Hoc|iPhoneSimulator
		{C5D10FD4-347B-46D5-858B-56F3F49F65EF}.AppStore|Any CPU.ActiveCfg = AppStore|iPhone
		{C5D10FD4-347B-46D5-858B-56F3F49F65EF}.AppStore|Any CPU.Build.0 = AppStore|iPhone
		{C5D10FD4-347B-46D5-858B-56F3F49F65EF}.AppStore|Any CPU.Deploy.0 = AppStore|iPhone
		{C5D10FD4-347B-46D5-858B-56F3F49F65EF}.AppStore|iPhone.ActiveCfg = AppStore|iPhone
		{C5D10FD4-347B-46D5-858B-56F3F49F65EF}.AppStore|iPhone.Build.0 = AppStore|iPhone
		{C5D10FD4-347B-46D5-858B-56F3F49F65EF}.AppStore|iPhone.Deploy.0 = AppStore|iPhone
		{C5D10FD4-347B-46D5-858B-56F3F49F65EF}.AppStore|iPhoneSimulator.ActiveCfg = AppStore|iPhoneSimulator
		{C5D10FD4-347B-46D5-858B-56F3F49F65EF}.AppStore|iPhoneSimulator.Build.0 = AppStore|iPhoneSimulator
		{C5D10FD4-347B-46D5-858B-56F3F49F65EF}.AppStore|iPhoneSimulator.Deploy.0 = AppStore|iPhoneSimulator
		{C5D10FD4-347B-46D5-858B-56F3F49F65EF}.Debug|Any CPU.ActiveCfg = Debug|iPhoneSimulator
		{C5D10FD4-347B-46D5-858B-56F3F49F65EF}.Debug|Any CPU.Build.0 = Debug|iPhoneSimulator
		{C5D10FD4-347B-46D5-858B-56F3F49F65EF}.Debug|Any CPU.Deploy.0 = Debug|iPhoneSimulator
		{C5D10FD4-347B-46D5-858B-56F3F49F65EF}.Debug|iPhone.ActiveCfg = Debug|iPhone
		{C5D10FD4-347B-46D5-858B-56F3F49F65EF}.Debug|iPhone.Build.0 = Debug|iPhone
		{C5D10FD4-347B-46D5-858B-56F3F49F65EF}.Debug|iPhone.Deploy.0 = Debug|iPhone
		{C5D10FD4-347B-46D5-858B-56F3F49F65EF}.Debug|iPhoneSimulator.ActiveCfg = Debug|iPhoneSimulator
		{C5D10FD4-347B-46D5-858B-56F3F49F65EF}.Debug|iPhoneSimulator.Build.0 = Debug|iPhoneSimulator
		{C5D10FD4-347B-46D5-858B-56F3F49F65EF}.Debug|iPhoneSimulator.Deploy.0 = Debug|iPhoneSimulator
		{C5D10FD4-347B-46D5-858B-56F3F49F65EF}.Release|Any CPU.ActiveCfg = Release|iPhone
		{C5D10FD4-347B-46D5-858B-56F3F49F65EF}.Release|Any CPU.Build.0 = Release|iPhone
		{C5D10FD4-347B-46D5-858B-56F3F49F65EF}.Release|Any CPU.Deploy.0 = Release|iPhone
		{C5D10FD4-347B-46D5-858B-56F3F49F65EF}.Release|iPhone.ActiveCfg = Release|iPhone
		{C5D10FD4-347B-46D5-858B-56F3F49F65EF}.Release|iPhone.Build.0 = Release|iPhone
		{C5D10FD4-347B-46D5-858B-56F3F49F65EF}.Release|iPhone.Deploy.0 = Release|iPhone
		{C5D10FD4-347B-46D5-858B-56F3F49F65EF}.Release|iPhoneSimulator.ActiveCfg = Release|iPhoneSimulator
		{C5D10FD4-347B-46D5-858B-56F3F49F65EF}.Release|iPhoneSimulator.Build.0 = Release|iPhoneSimulator
		{C5D10FD4-347B-46D5-858B-56F3F49F65EF}.Release|iPhoneSimulator.Deploy.0 = Release|iPhoneSimulator
		{52C0AF0A-1236-47BC-987E-4C1A7518A707}.Ad-Hoc|Any CPU.ActiveCfg = Debug|Any CPU
		{52C0AF0A-1236-47BC-987E-4C1A7518A707}.Ad-Hoc|Any CPU.Build.0 = Debug|Any CPU
		{52C0AF0A-1236-47BC-987E-4C1A7518A707}.Ad-Hoc|Any CPU.Deploy.0 = Debug|Any CPU
		{52C0AF0A-1236-47BC-987E-4C1A7518A707}.Ad-Hoc|iPhone.ActiveCfg = Debug|Any CPU
		{52C0AF0A-1236-47BC-987E-4C1A7518A707}.Ad-Hoc|iPhone.Build.0 = Debug|Any CPU
		{52C0AF0A-1236-47BC-987E-4C1A7518A707}.Ad-Hoc|iPhone.Deploy.0 = Debug|Any CPU
		{52C0AF0A-1236-47BC-987E-4C1A7518A707}.Ad-Hoc|iPhoneSimulator.ActiveCfg = Debug|Any CPU
		{52C0AF0A-1236-47BC-987E-4C1A7518A707}.Ad-Hoc|iPhoneSimulator.Build.0 = Debug|Any CPU
		{52C0AF0A-1236-47BC-987E-4C1A7518A707}.Ad-Hoc|iPhoneSimulator.Deploy.0 = Debug|Any CPU
		{52C0AF0A-1236-47BC-987E-4C1A7518A707}.AppStore|Any CPU.ActiveCfg = Debug|Any CPU
		{52C0AF0A-1236-47BC-987E-4C1A7518A707}.AppStore|Any CPU.Build.0 = Debug|Any CPU
		{52C0AF0A-1236-47BC-987E-4C1A7518A707}.AppStore|Any CPU.Deploy.0 = Debug|Any CPU
		{52C0AF0A-1236-47BC-987E-4C1A7518A707}.AppStore|iPhone.ActiveCfg = Debug|Any CPU
		{52C0AF0A-1236-47BC-987E-4C1A7518A707}.AppStore|iPhone.Build.0 = Debug|Any CPU
		{52C0AF0A-1236-47BC-987E-4C1A7518A707}.AppStore|iPhone.Deploy.0 = Debug|Any CPU
		{52C0AF0A-1236-47BC-987E-4C1A7518A707}.AppStore|iPhoneSimulator.ActiveCfg = Debug|Any CPU
		{52C0AF0A-1236-47BC-987E-4C1A7518A707}.AppStore|iPhoneSimulator.Build.0 = Debug|Any CPU
		{52C0AF0A-1236-47BC-987E-4C1A7518A707}.AppStore|iPhoneSimulator.Deploy.0 = Debug|Any CPU
		{52C0AF0A-1236-47BC-987E-4C1A7518A707}.Debug|Any CPU.ActiveCfg = Debug|Any CPU
		{52C0AF0A-1236-47BC-987E-4C1A7518A707}.Debug|Any CPU.Build.0 = Debug|Any CPU
		{52C0AF0A-1236-47BC-987E-4C1A7518A707}.Debug|Any CPU.Deploy.0 = Debug|Any CPU
		{52C0AF0A-1236-47BC-987E-4C1A7518A707}.Debug|iPhone.ActiveCfg = Debug|Any CPU
		{52C0AF0A-1236-47BC-987E-4C1A7518A707}.Debug|iPhone.Build.0 = Debug|Any CPU
		{52C0AF0A-1236-47BC-987E-4C1A7518A707}.Debug|iPhone.Deploy.0 = Debug|Any CPU
		{52C0AF0A-1236-47BC-987E-4C1A7518A707}.Debug|iPhoneSimulator.ActiveCfg = Debug|Any CPU
		{52C0AF0A-1236-47BC-987E-4C1A7518A707}.Debug|iPhoneSimulator.Build.0 = Debug|Any CPU
		{52C0AF0A-1236-47BC-987E-4C1A7518A707}.Debug|iPhoneSimulator.Deploy.0 = Debug|Any CPU
		{52C0AF0A-1236-47BC-987E-4C1A7518A707}.Release|Any CPU.ActiveCfg = Release|Any CPU
		{52C0AF0A-1236-47BC-987E-4C1A7518A707}.Release|Any CPU.Build.0 = Release|Any CPU
		{52C0AF0A-1236-47BC-987E-4C1A7518A707}.Release|Any CPU.Deploy.0 = Release|Any CPU
		{52C0AF0A-1236-47BC-987E-4C1A7518A707}.Release|iPhone.ActiveCfg = Release|Any CPU
		{52C0AF0A-1236-47BC-987E-4C1A7518A707}.Release|iPhone.Build.0 = Release|Any CPU
		{52C0AF0A-1236-47BC-987E-4C1A7518A707}.Release|iPhone.Deploy.0 = Release|Any CPU
		{52C0AF0A-1236-47BC-987E-4C1A7518A707}.Release|iPhoneSimulator.ActiveCfg = Release|Any CPU
		{52C0AF0A-1236-47BC-987E-4C1A7518A707}.Release|iPhoneSimulator.Build.0 = Release|Any CPU
		{52C0AF0A-1236-47BC-987E-4C1A7518A707}.Release|iPhoneSimulator.Deploy.0 = Release|Any CPU
	EndGlobalSection
	GlobalSection(SolutionProperties) = preSolution
		HideSolutionNode = FALSE
	EndGlobalSection
	GlobalSection(ExtensibilityGlobals) = postSolution
		SolutionGuid = {45061D9E-89AC-478C-837E-DB032714E2BB}
	EndGlobalSection
EndGlobal
